Microsoft Visual Studio Solution File, Format Version 11.00
# Visual Web Developer Express 2010
Project("{FAE04EC0-301F-11D3-BF4B-00C04F79EFBC}") = "BugNET_WAP", "BugNET_WAP\BugNET_WAP.csproj", "{4D25C25A-789A-462B-A026-269753C082BC}"
EndProject
Project("{FAE04EC0-301F-11D3-BF4B-00C04F79EFBC}") = "HttpModule.Authentication", "Library\HttpModules\Authentication\HttpModule.Authentication.csproj", "{72BE8D7E-B026-45EE-8613-DFB1BB70FD02}"
EndProject
Project("{FAE04EC0-301F-11D3-BF4B-00C04F79EFBC}") = "HttpModule.MailBoxReader", "Library\HttpModules\MailBoxReader\HttpModule.MailBoxReader.csproj", "{4386AA43-F3FC-476D-B7E0-03DB537C88E0}"
EndProject
Project("{FAE04EC0-301F-11D3-BF4B-00C04F79EFBC}") = "Provider.MembershipProviders", "Library\Providers\MembershipProviders\Provider.MembershipProviders.csproj", "{6B8EBBE2-196F-4F79-BC2F-918FC0AF3D67}"
EndProject
Project("{FAE04EC0-301F-11D3-BF4B-00C04F79EFBC}") = "Provider.ResourceProviders", "Library\Providers\ResourceProviders\Provider.ResourceProviders.csproj", "{BDC2B5A0-19AC-4EAD-BEE1-2007915BB999}"
EndProject
Project("{FAE04EC0-301F-11D3-BF4B-00C04F79EFBC}") = "BugNET.SubversionHooks", "BugNET.SubversionHooks\BugNET.SubversionHooks.csproj", "{57C3778D-F916-4345-BD77-DFA6F16F0472}"
EndProject
Project("{FAE04EC0-301F-11D3-BF4B-00C04F79EFBC}") = "Provider.HtmlEditorProvider", "Library\Providers\HtmlEditorProviders\HtmlEditorProvider\Provider.HtmlEditorProvider.csproj", "{C7D90E4C-AD95-4ADD-8242-2CD66F0BC89B}"
EndProject
Project("{FAE04EC0-301F-11D3-BF4B-00C04F79EFBC}") = "Provider.TextboxHtmlProvider", "Library\Providers\HtmlEditorProviders\TextboxHtmlProvider\Provider.TextboxHtmlProvider.csproj", "{CA7E11AB-39FD-490A-A3A1-094BE9C5DB45}"
EndProject
Project("{FAE04EC0-301F-11D3-BF4B-00C04F79EFBC}") = "HttpModule.Localization", "Library\HttpModules\Localization\HttpModule.Localization.csproj", "{74376C46-4D55-4891-85D7-06A490FA9FD5}"
EndProject
Project("{FAE04EC0-301F-11D3-BF4B-00C04F79EFBC}") = "Provider.jHtmlAreaEditorProvider", "Library\Providers\HtmlEditorProviders\jHtmlAreaEditorProvider\Provider.jHtmlAreaEditorProvider.csproj", "{2F372FD1-3E6F-46C7-9869-0FE8AB08A689}"
EndProject
Project("{FAE04EC0-301F-11D3-BF4B-00C04F79EFBC}") = "UnitTests", "UnitTests\UnitTests.csproj", "{9176655F-1B72-4DA4-ACC4-A63B9F2AC525}"
EndProject
Project("{FAE04EC0-301F-11D3-BF4B-00C04F79EFBC}") = "Provider.CkHtmlEditorProvider", "Library\Providers\HtmlEditorProviders\CkHtmlEditorProvider\Provider.CkHtmlEditorProvider.csproj", "{2D1294FE-A204-4F2C-B90C-8A041F44E12A}"
EndProject
Project("{FAE04EC0-301F-11D3-BF4B-00C04F79EFBC}") = "Provider.FckHtmlEditorProvider", "Library\Providers\HtmlEditorProviders\FckHtmlEditorProvider\Provider.FckHtmlEditorProvider.csproj", "{A2ED9B66-443C-4F23-9A9A-C080A5E5DE4F}"
EndProject
Global
	GlobalSection(SolutionConfigurationPlatforms) = preSolution
		Debug|.NET = Debug|.NET
		Debug|Any CPU = Debug|Any CPU
		Debug|Mixed Platforms = Debug|Mixed Platforms
		Release|.NET = Release|.NET
		Release|Any CPU = Release|Any CPU
		Release|Mixed Platforms = Release|Mixed Platforms
		Test|.NET = Test|.NET
		Test|Any CPU = Test|Any CPU
		Test|Mixed Platforms = Test|Mixed Platforms
	EndGlobalSection
	GlobalSection(ProjectConfigurationPlatforms) = postSolution
		{4D25C25A-789A-462B-A026-269753C082BC}.Debug|.NET.ActiveCfg = Debug|Any CPU
		{4D25C25A-789A-462B-A026-269753C082BC}.Debug|.NET.Build.0 = Debug|Any CPU
		{4D25C25A-789A-462B-A026-269753C082BC}.Debug|Any CPU.ActiveCfg = Debug|Any CPU
		{4D25C25A-789A-462B-A026-269753C082BC}.Debug|Any CPU.Build.0 = Debug|Any CPU
		{4D25C25A-789A-462B-A026-269753C082BC}.Debug|Mixed Platforms.ActiveCfg = Debug|Any CPU
		{4D25C25A-789A-462B-A026-269753C082BC}.Debug|Mixed Platforms.Build.0 = Debug|Any CPU
		{4D25C25A-789A-462B-A026-269753C082BC}.Release|.NET.ActiveCfg = Release|Any CPU
		{4D25C25A-789A-462B-A026-269753C082BC}.Release|.NET.Build.0 = Release|Any CPU
		{4D25C25A-789A-462B-A026-269753C082BC}.Release|Any CPU.ActiveCfg = Release|Any CPU
		{4D25C25A-789A-462B-A026-269753C082BC}.Release|Any CPU.Build.0 = Release|Any CPU
		{4D25C25A-789A-462B-A026-269753C082BC}.Release|Mixed Platforms.ActiveCfg = Release|Any CPU
		{4D25C25A-789A-462B-A026-269753C082BC}.Release|Mixed Platforms.Build.0 = Release|Any CPU
		{4D25C25A-789A-462B-A026-269753C082BC}.Test|.NET.ActiveCfg = Test|Any CPU
		{4D25C25A-789A-462B-A026-269753C082BC}.Test|Any CPU.ActiveCfg = Test|Any CPU
		{4D25C25A-789A-462B-A026-269753C082BC}.Test|Any CPU.Build.0 = Test|Any CPU
		{4D25C25A-789A-462B-A026-269753C082BC}.Test|Mixed Platforms.ActiveCfg = Test|Any CPU
		{4D25C25A-789A-462B-A026-269753C082BC}.Test|Mixed Platforms.Build.0 = Test|Any CPU
		{72BE8D7E-B026-45EE-8613-DFB1BB70FD02}.Debug|.NET.ActiveCfg = Debug|Any CPU
		{72BE8D7E-B026-45EE-8613-DFB1BB70FD02}.Debug|.NET.Build.0 = Debug|Any CPU
		{72BE8D7E-B026-45EE-8613-DFB1BB70FD02}.Debug|Any CPU.ActiveCfg = Debug|Any CPU
		{72BE8D7E-B026-45EE-8613-DFB1BB70FD02}.Debug|Any CPU.Build.0 = Debug|Any CPU
		{72BE8D7E-B026-45EE-8613-DFB1BB70FD02}.Debug|Mixed Platforms.ActiveCfg = Debug|Any CPU
		{72BE8D7E-B026-45EE-8613-DFB1BB70FD02}.Debug|Mixed Platforms.Build.0 = Debug|Any CPU
		{72BE8D7E-B026-45EE-8613-DFB1BB70FD02}.Release|.NET.ActiveCfg = Release|Any CPU
		{72BE8D7E-B026-45EE-8613-DFB1BB70FD02}.Release|.NET.Build.0 = Release|Any CPU
		{72BE8D7E-B026-45EE-8613-DFB1BB70FD02}.Release|Any CPU.ActiveCfg = Release|Any CPU
		{72BE8D7E-B026-45EE-8613-DFB1BB70FD02}.Release|Any CPU.Build.0 = Release|Any CPU
		{72BE8D7E-B026-45EE-8613-DFB1BB70FD02}.Release|Mixed Platforms.ActiveCfg = Release|Any CPU
		{72BE8D7E-B026-45EE-8613-DFB1BB70FD02}.Release|Mixed Platforms.Build.0 = Release|Any CPU
		{72BE8D7E-B026-45EE-8613-DFB1BB70FD02}.Test|.NET.ActiveCfg = Test|Any CPU
		{72BE8D7E-B026-45EE-8613-DFB1BB70FD02}.Test|Any CPU.ActiveCfg = Test|Any CPU
		{72BE8D7E-B026-45EE-8613-DFB1BB70FD02}.Test|Any CPU.Build.0 = Test|Any CPU
		{72BE8D7E-B026-45EE-8613-DFB1BB70FD02}.Test|Mixed Platforms.ActiveCfg = Test|Any CPU
		{72BE8D7E-B026-45EE-8613-DFB1BB70FD02}.Test|Mixed Platforms.Build.0 = Test|Any CPU
		{4386AA43-F3FC-476D-B7E0-03DB537C88E0}.Debug|.NET.ActiveCfg = Debug|Any CPU
		{4386AA43-F3FC-476D-B7E0-03DB537C88E0}.Debug|.NET.Build.0 = Debug|Any CPU
		{4386AA43-F3FC-476D-B7E0-03DB537C88E0}.Debug|Any CPU.ActiveCfg = Debug|Any CPU
		{4386AA43-F3FC-476D-B7E0-03DB537C88E0}.Debug|Any CPU.Build.0 = Debug|Any CPU
		{4386AA43-F3FC-476D-B7E0-03DB537C88E0}.Debug|Mixed Platforms.ActiveCfg = Debug|Any CPU
		{4386AA43-F3FC-476D-B7E0-03DB537C88E0}.Debug|Mixed Platforms.Build.0 = Debug|Any CPU
		{4386AA43-F3FC-476D-B7E0-03DB537C88E0}.Release|.NET.ActiveCfg = Release|Any CPU
		{4386AA43-F3FC-476D-B7E0-03DB537C88E0}.Release|.NET.Build.0 = Release|Any CPU
		{4386AA43-F3FC-476D-B7E0-03DB537C88E0}.Release|Any CPU.ActiveCfg = Release|Any CPU
		{4386AA43-F3FC-476D-B7E0-03DB537C88E0}.Release|Any CPU.Build.0 = Release|Any CPU
		{4386AA43-F3FC-476D-B7E0-03DB537C88E0}.Release|Mixed Platforms.ActiveCfg = Release|Any CPU
		{4386AA43-F3FC-476D-B7E0-03DB537C88E0}.Release|Mixed Platforms.Build.0 = Release|Any CPU
		{4386AA43-F3FC-476D-B7E0-03DB537C88E0}.Test|.NET.ActiveCfg = Test|Any CPU
		{4386AA43-F3FC-476D-B7E0-03DB537C88E0}.Test|Any CPU.ActiveCfg = Test|Any CPU
		{4386AA43-F3FC-476D-B7E0-03DB537C88E0}.Test|Any CPU.Build.0 = Test|Any CPU
		{4386AA43-F3FC-476D-B7E0-03DB537C88E0}.Test|Mixed Platforms.ActiveCfg = Test|Any CPU
		{4386AA43-F3FC-476D-B7E0-03DB537C88E0}.Test|Mixed Platforms.Build.0 = Test|Any CPU
		{6B8EBBE2-196F-4F79-BC2F-918FC0AF3D67}.Debug|.NET.ActiveCfg = Debug|Any CPU
		{6B8EBBE2-196F-4F79-BC2F-918FC0AF3D67}.Debug|Any CPU.ActiveCfg = Debug|Any CPU
		{6B8EBBE2-196F-4F79-BC2F-918FC0AF3D67}.Debug|Any CPU.Build.0 = Debug|Any CPU
		{6B8EBBE2-196F-4F79-BC2F-918FC0AF3D67}.Debug|Mixed Platforms.ActiveCfg = Debug|Any CPU
		{6B8EBBE2-196F-4F79-BC2F-918FC0AF3D67}.Debug|Mixed Platforms.Build.0 = Debug|Any CPU
		{6B8EBBE2-196F-4F79-BC2F-918FC0AF3D67}.Release|.NET.ActiveCfg = Release|Any CPU
		{6B8EBBE2-196F-4F79-BC2F-918FC0AF3D67}.Release|Any CPU.ActiveCfg = Release|Any CPU
		{6B8EBBE2-196F-4F79-BC2F-918FC0AF3D67}.Release|Any CPU.Build.0 = Release|Any CPU
		{6B8EBBE2-196F-4F79-BC2F-918FC0AF3D67}.Release|Mixed Platforms.ActiveCfg = Release|Any CPU
		{6B8EBBE2-196F-4F79-BC2F-918FC0AF3D67}.Release|Mixed Platforms.Build.0 = Release|Any CPU
		{6B8EBBE2-196F-4F79-BC2F-918FC0AF3D67}.Test|.NET.ActiveCfg = Release|Any CPU
		{6B8EBBE2-196F-4F79-BC2F-918FC0AF3D67}.Test|Any CPU.ActiveCfg = Release|Any CPU
		{6B8EBBE2-196F-4F79-BC2F-918FC0AF3D67}.Test|Any CPU.Build.0 = Release|Any CPU
		{6B8EBBE2-196F-4F79-BC2F-918FC0AF3D67}.Test|Mixed Platforms.ActiveCfg = Release|Any CPU
		{6B8EBBE2-196F-4F79-BC2F-918FC0AF3D67}.Test|Mixed Platforms.Build.0 = Release|Any CPU
		{BDC2B5A0-19AC-4EAD-BEE1-2007915BB999}.Debug|.NET.ActiveCfg = Debug|Any CPU
		{BDC2B5A0-19AC-4EAD-BEE1-2007915BB999}.Debug|Any CPU.ActiveCfg = Debug|Any CPU
		{BDC2B5A0-19AC-4EAD-BEE1-2007915BB999}.Debug|Any CPU.Build.0 = Debug|Any CPU
		{BDC2B5A0-19AC-4EAD-BEE1-2007915BB999}.Debug|Mixed Platforms.ActiveCfg = Debug|Any CPU
		{BDC2B5A0-19AC-4EAD-BEE1-2007915BB999}.Debug|Mixed Platforms.Build.0 = Debug|Any CPU
		{BDC2B5A0-19AC-4EAD-BEE1-2007915BB999}.Release|.NET.ActiveCfg = Release|Any CPU
		{BDC2B5A0-19AC-4EAD-BEE1-2007915BB999}.Release|Any CPU.ActiveCfg = Release|Any CPU
		{BDC2B5A0-19AC-4EAD-BEE1-2007915BB999}.Release|Any CPU.Build.0 = Release|Any CPU
		{BDC2B5A0-19AC-4EAD-BEE1-2007915BB999}.Release|Mixed Platforms.ActiveCfg = Release|Any CPU
		{BDC2B5A0-19AC-4EAD-BEE1-2007915BB999}.Release|Mixed Platforms.Build.0 = Release|Any CPU
		{BDC2B5A0-19AC-4EAD-BEE1-2007915BB999}.Test|.NET.ActiveCfg = Release|Any CPU
		{BDC2B5A0-19AC-4EAD-BEE1-2007915BB999}.Test|Any CPU.ActiveCfg = Release|Any CPU
		{BDC2B5A0-19AC-4EAD-BEE1-2007915BB999}.Test|Any CPU.Build.0 = Release|Any CPU
		{BDC2B5A0-19AC-4EAD-BEE1-2007915BB999}.Test|Mixed Platforms.ActiveCfg = Release|Any CPU
		{BDC2B5A0-19AC-4EAD-BEE1-2007915BB999}.Test|Mixed Platforms.Build.0 = Release|Any CPU
		{57C3778D-F916-4345-BD77-DFA6F16F0472}.Debug|.NET.ActiveCfg = Debug|Any CPU
		{57C3778D-F916-4345-BD77-DFA6F16F0472}.Debug|Any CPU.ActiveCfg = Debug|Any CPU
		{57C3778D-F916-4345-BD77-DFA6F16F0472}.Debug|Any CPU.Build.0 = Debug|Any CPU
		{57C3778D-F916-4345-BD77-DFA6F16F0472}.Debug|Mixed Platforms.ActiveCfg = Debug|Any CPU
		{57C3778D-F916-4345-BD77-DFA6F16F0472}.Debug|Mixed Platforms.Build.0 = Debug|Any CPU
		{57C3778D-F916-4345-BD77-DFA6F16F0472}.Release|.NET.ActiveCfg = Release|Any CPU
		{57C3778D-F916-4345-BD77-DFA6F16F0472}.Release|Any CPU.ActiveCfg = Release|Any CPU
		{57C3778D-F916-4345-BD77-DFA6F16F0472}.Release|Any CPU.Build.0 = Release|Any CPU
		{57C3778D-F916-4345-BD77-DFA6F16F0472}.Release|Mixed Platforms.ActiveCfg = Release|Any CPU
		{57C3778D-F916-4345-BD77-DFA6F16F0472}.Release|Mixed Platforms.Build.0 = Release|Any CPU
		{57C3778D-F916-4345-BD77-DFA6F16F0472}.Test|.NET.ActiveCfg = Release|Any CPU
		{57C3778D-F916-4345-BD77-DFA6F16F0472}.Test|Any CPU.ActiveCfg = Release|Any CPU
		{57C3778D-F916-4345-BD77-DFA6F16F0472}.Test|Any CPU.Build.0 = Release|Any CPU
		{57C3778D-F916-4345-BD77-DFA6F16F0472}.Test|Mixed Platforms.ActiveCfg = Release|Any CPU
		{57C3778D-F916-4345-BD77-DFA6F16F0472}.Test|Mixed Platforms.Build.0 = Release|Any CPU
		{C7D90E4C-AD95-4ADD-8242-2CD66F0BC89B}.Debug|.NET.ActiveCfg = Debug|Any CPU
		{C7D90E4C-AD95-4ADD-8242-2CD66F0BC89B}.Debug|Any CPU.ActiveCfg = Debug|Any CPU
		{C7D90E4C-AD95-4ADD-8242-2CD66F0BC89B}.Debug|Any CPU.Build.0 = Debug|Any CPU
		{C7D90E4C-AD95-4ADD-8242-2CD66F0BC89B}.Debug|Mixed Platforms.ActiveCfg = Debug|Any CPU
		{C7D90E4C-AD95-4ADD-8242-2CD66F0BC89B}.Debug|Mixed Platforms.Build.0 = Debug|Any CPU
		{C7D90E4C-AD95-4ADD-8242-2CD66F0BC89B}.Release|.NET.ActiveCfg = Release|Any CPU
		{C7D90E4C-AD95-4ADD-8242-2CD66F0BC89B}.Release|Any CPU.ActiveCfg = Release|Any CPU
		{C7D90E4C-AD95-4ADD-8242-2CD66F0BC89B}.Release|Any CPU.Build.0 = Release|Any CPU
		{C7D90E4C-AD95-4ADD-8242-2CD66F0BC89B}.Release|Mixed Platforms.ActiveCfg = Release|Any CPU
		{C7D90E4C-AD95-4ADD-8242-2CD66F0BC89B}.Release|Mixed Platforms.Build.0 = Release|Any CPU
		{C7D90E4C-AD95-4ADD-8242-2CD66F0BC89B}.Test|.NET.ActiveCfg = Release|Any CPU
		{C7D90E4C-AD95-4ADD-8242-2CD66F0BC89B}.Test|Any CPU.ActiveCfg = Release|Any CPU
		{C7D90E4C-AD95-4ADD-8242-2CD66F0BC89B}.Test|Any CPU.Build.0 = Release|Any CPU
		{C7D90E4C-AD95-4ADD-8242-2CD66F0BC89B}.Test|Mixed Platforms.ActiveCfg = Release|Any CPU
		{C7D90E4C-AD95-4ADD-8242-2CD66F0BC89B}.Test|Mixed Platforms.Build.0 = Release|Any CPU
		{CA7E11AB-39FD-490A-A3A1-094BE9C5DB45}.Debug|.NET.ActiveCfg = Debug|Any CPU
		{CA7E11AB-39FD-490A-A3A1-094BE9C5DB45}.Debug|Any CPU.ActiveCfg = Debug|Any CPU
		{CA7E11AB-39FD-490A-A3A1-094BE9C5DB45}.Debug|Any CPU.Build.0 = Debug|Any CPU
		{CA7E11AB-39FD-490A-A3A1-094BE9C5DB45}.Debug|Mixed Platforms.ActiveCfg = Debug|Any CPU
		{CA7E11AB-39FD-490A-A3A1-094BE9C5DB45}.Debug|Mixed Platforms.Build.0 = Debug|Any CPU
		{CA7E11AB-39FD-490A-A3A1-094BE9C5DB45}.Release|.NET.ActiveCfg = Release|Any CPU
		{CA7E11AB-39FD-490A-A3A1-094BE9C5DB45}.Release|Any CPU.ActiveCfg = Release|Any CPU
		{CA7E11AB-39FD-490A-A3A1-094BE9C5DB45}.Release|Any CPU.Build.0 = Release|Any CPU
		{CA7E11AB-39FD-490A-A3A1-094BE9C5DB45}.Release|Mixed Platforms.ActiveCfg = Release|Any CPU
		{CA7E11AB-39FD-490A-A3A1-094BE9C5DB45}.Release|Mixed Platforms.Build.0 = Release|Any CPU
		{CA7E11AB-39FD-490A-A3A1-094BE9C5DB45}.Test|.NET.ActiveCfg = Release|Any CPU
		{CA7E11AB-39FD-490A-A3A1-094BE9C5DB45}.Test|Any CPU.ActiveCfg = Release|Any CPU
		{CA7E11AB-39FD-490A-A3A1-094BE9C5DB45}.Test|Any CPU.Build.0 = Release|Any CPU
		{CA7E11AB-39FD-490A-A3A1-094BE9C5DB45}.Test|Mixed Platforms.ActiveCfg = Release|Any CPU
		{CA7E11AB-39FD-490A-A3A1-094BE9C5DB45}.Test|Mixed Platforms.Build.0 = Release|Any CPU
		{74376C46-4D55-4891-85D7-06A490FA9FD5}.Debug|.NET.ActiveCfg = Debug|Any CPU
		{74376C46-4D55-4891-85D7-06A490FA9FD5}.Debug|Any CPU.ActiveCfg = Debug|Any CPU
		{74376C46-4D55-4891-85D7-06A490FA9FD5}.Debug|Any CPU.Build.0 = Debug|Any CPU
		{74376C46-4D55-4891-85D7-06A490FA9FD5}.Debug|Mixed Platforms.ActiveCfg = Debug|Any CPU
		{74376C46-4D55-4891-85D7-06A490FA9FD5}.Debug|Mixed Platforms.Build.0 = Debug|Any CPU
		{74376C46-4D55-4891-85D7-06A490FA9FD5}.Release|.NET.ActiveCfg = Release|Any CPU
		{74376C46-4D55-4891-85D7-06A490FA9FD5}.Release|Any CPU.ActiveCfg = Release|Any CPU
		{74376C46-4D55-4891-85D7-06A490FA9FD5}.Release|Any CPU.Build.0 = Release|Any CPU
		{74376C46-4D55-4891-85D7-06A490FA9FD5}.Release|Mixed Platforms.ActiveCfg = Release|Any CPU
		{74376C46-4D55-4891-85D7-06A490FA9FD5}.Release|Mixed Platforms.Build.0 = Release|Any CPU
		{74376C46-4D55-4891-85D7-06A490FA9FD5}.Test|.NET.ActiveCfg = Release|Any CPU
		{74376C46-4D55-4891-85D7-06A490FA9FD5}.Test|Any CPU.ActiveCfg = Release|Any CPU
		{74376C46-4D55-4891-85D7-06A490FA9FD5}.Test|Any CPU.Build.0 = Release|Any CPU
		{74376C46-4D55-4891-85D7-06A490FA9FD5}.Test|Mixed Platforms.ActiveCfg = Release|Any CPU
		{74376C46-4D55-4891-85D7-06A490FA9FD5}.Test|Mixed Platforms.Build.0 = Release|Any CPU
		{2F372FD1-3E6F-46C7-9869-0FE8AB08A689}.Debug|.NET.ActiveCfg = Debug|Any CPU
		{2F372FD1-3E6F-46C7-9869-0FE8AB08A689}.Debug|Any CPU.ActiveCfg = Debug|Any CPU
		{2F372FD1-3E6F-46C7-9869-0FE8AB08A689}.Debug|Any CPU.Build.0 = Debug|Any CPU
		{2F372FD1-3E6F-46C7-9869-0FE8AB08A689}.Debug|Mixed Platforms.ActiveCfg = Debug|Any CPU
		{2F372FD1-3E6F-46C7-9869-0FE8AB08A689}.Debug|Mixed Platforms.Build.0 = Debug|Any CPU
		{2F372FD1-3E6F-46C7-9869-0FE8AB08A689}.Release|.NET.ActiveCfg = Release|Any CPU
		{2F372FD1-3E6F-46C7-9869-0FE8AB08A689}.Release|Any CPU.ActiveCfg = Release|Any CPU
		{2F372FD1-3E6F-46C7-9869-0FE8AB08A689}.Release|Any CPU.Build.0 = Release|Any CPU
		{2F372FD1-3E6F-46C7-9869-0FE8AB08A689}.Release|Mixed Platforms.ActiveCfg = Release|Any CPU
		{2F372FD1-3E6F-46C7-9869-0FE8AB08A689}.Release|Mixed Platforms.Build.0 = Release|Any CPU
		{2F372FD1-3E6F-46C7-9869-0FE8AB08A689}.Test|.NET.ActiveCfg = Release|Any CPU
		{2F372FD1-3E6F-46C7-9869-0FE8AB08A689}.Test|Any CPU.ActiveCfg = Release|Any CPU
		{2F372FD1-3E6F-46C7-9869-0FE8AB08A689}.Test|Any CPU.Build.0 = Release|Any CPU
		{2F372FD1-3E6F-46C7-9869-0FE8AB08A689}.Test|Mixed Platforms.ActiveCfg = Release|Any CPU
		{2F372FD1-3E6F-46C7-9869-0FE8AB08A689}.Test|Mixed Platforms.Build.0 = Release|Any CPU
		{9176655F-1B72-4DA4-ACC4-A63B9F2AC525}.Debug|.NET.ActiveCfg = Debug|Any CPU
		{9176655F-1B72-4DA4-ACC4-A63B9F2AC525}.Debug|Any CPU.ActiveCfg = Debug|Any CPU
		{9176655F-1B72-4DA4-ACC4-A63B9F2AC525}.Debug|Any CPU.Build.0 = Debug|Any CPU
		{9176655F-1B72-4DA4-ACC4-A63B9F2AC525}.Debug|Mixed Platforms.ActiveCfg = Debug|Any CPU
		{9176655F-1B72-4DA4-ACC4-A63B9F2AC525}.Debug|Mixed Platforms.Build.0 = Debug|Any CPU
		{9176655F-1B72-4DA4-ACC4-A63B9F2AC525}.Release|.NET.ActiveCfg = Release|Any CPU
		{9176655F-1B72-4DA4-ACC4-A63B9F2AC525}.Release|Any CPU.ActiveCfg = Release|Any CPU
		{9176655F-1B72-4DA4-ACC4-A63B9F2AC525}.Release|Any CPU.Build.0 = Release|Any CPU
		{9176655F-1B72-4DA4-ACC4-A63B9F2AC525}.Release|Mixed Platforms.ActiveCfg = Release|Any CPU
		{9176655F-1B72-4DA4-ACC4-A63B9F2AC525}.Release|Mixed Platforms.Build.0 = Release|Any CPU
		{9176655F-1B72-4DA4-ACC4-A63B9F2AC525}.Test|.NET.ActiveCfg = Test|Any CPU
		{9176655F-1B72-4DA4-ACC4-A63B9F2AC525}.Test|Any CPU.ActiveCfg = Test|Any CPU
		{9176655F-1B72-4DA4-ACC4-A63B9F2AC525}.Test|Any CPU.Build.0 = Test|Any CPU
		{9176655F-1B72-4DA4-ACC4-A63B9F2AC525}.Test|Mixed Platforms.ActiveCfg = Test|Any CPU
		{9176655F-1B72-4DA4-ACC4-A63B9F2AC525}.Test|Mixed Platforms.Build.0 = Test|Any CPU
		{2D1294FE-A204-4F2C-B90C-8A041F44E12A}.Debug|.NET.ActiveCfg = Debug|Any CPU
		{2D1294FE-A204-4F2C-B90C-8A041F44E12A}.Debug|Any CPU.ActiveCfg = Debug|Any CPU
		{2D1294FE-A204-4F2C-B90C-8A041F44E12A}.Debug|Any CPU.Build.0 = Debug|Any CPU
		{2D1294FE-A204-4F2C-B90C-8A041F44E12A}.Debug|Mixed Platforms.ActiveCfg = Debug|Any CPU
		{2D1294FE-A204-4F2C-B90C-8A041F44E12A}.Debug|Mixed Platforms.Build.0 = Debug|Any CPU
		{2D1294FE-A204-4F2C-B90C-8A041F44E12A}.Release|.NET.ActiveCfg = Release|Any CPU
		{2D1294FE-A204-4F2C-B90C-8A041F44E12A}.Release|Any CPU.ActiveCfg = Release|Any CPU
		{2D1294FE-A204-4F2C-B90C-8A041F44E12A}.Release|Any CPU.Build.0 = Release|Any CPU
		{2D1294FE-A204-4F2C-B90C-8A041F44E12A}.Release|Mixed Platforms.ActiveCfg = Release|Any CPU
		{2D1294FE-A204-4F2C-B90C-8A041F44E12A}.Release|Mixed Platforms.Build.0 = Release|Any CPU
		{2D1294FE-A204-4F2C-B90C-8A041F44E12A}.Test|.NET.ActiveCfg = Release|Any CPU
		{2D1294FE-A204-4F2C-B90C-8A041F44E12A}.Test|Any CPU.ActiveCfg = Release|Any CPU
		{2D1294FE-A204-4F2C-B90C-8A041F44E12A}.Test|Any CPU.Build.0 = Release|Any CPU
		{2D1294FE-A204-4F2C-B90C-8A041F44E12A}.Test|Mixed Platforms.ActiveCfg = Release|Any CPU
		{2D1294FE-A204-4F2C-B90C-8A041F44E12A}.Test|Mixed Platforms.Build.0 = Release|Any CPU
		{A2ED9B66-443C-4F23-9A9A-C080A5E5DE4F}.Debug|.NET.ActiveCfg = Debug|Any CPU
		{A2ED9B66-443C-4F23-9A9A-C080A5E5DE4F}.Debug|Any CPU.ActiveCfg = Debug|Any CPU
		{A2ED9B66-443C-4F23-9A9A-C080A5E5DE4F}.Debug|Any CPU.Build.0 = Debug|Any CPU
		{A2ED9B66-443C-4F23-9A9A-C080A5E5DE4F}.Debug|Mixed Platforms.ActiveCfg = Debug|Any CPU
		{A2ED9B66-443C-4F23-9A9A-C080A5E5DE4F}.Debug|Mixed Platforms.Build.0 = Debug|Any CPU
		{A2ED9B66-443C-4F23-9A9A-C080A5E5DE4F}.Release|.NET.ActiveCfg = Release|Any CPU
		{A2ED9B66-443C-4F23-9A9A-C080A5E5DE4F}.Release|Any CPU.ActiveCfg = Release|Any CPU
		{A2ED9B66-443C-4F23-9A9A-C080A5E5DE4F}.Release|Any CPU.Build.0 = Release|Any CPU
		{A2ED9B66-443C-4F23-9A9A-C080A5E5DE4F}.Release|Mixed Platforms.ActiveCfg = Release|Any CPU
		{A2ED9B66-443C-4F23-9A9A-C080A5E5DE4F}.Release|Mixed Platforms.Build.0 = Release|Any CPU
		{A2ED9B66-443C-4F23-9A9A-C080A5E5DE4F}.Test|.NET.ActiveCfg = Release|Any CPU
		{A2ED9B66-443C-4F23-9A9A-C080A5E5DE4F}.Test|Any CPU.ActiveCfg = Release|Any CPU
		{A2ED9B66-443C-4F23-9A9A-C080A5E5DE4F}.Test|Any CPU.Build.0 = Release|Any CPU
		{A2ED9B66-443C-4F23-9A9A-C080A5E5DE4F}.Test|Mixed Platforms.ActiveCfg = Release|Any CPU
		{A2ED9B66-443C-4F23-9A9A-C080A5E5DE4F}.Test|Mixed Platforms.Build.0 = Release|Any CPU
	EndGlobalSection
	GlobalSection(SolutionProperties) = preSolution
		HideSolutionNode = FALSE
	EndGlobalSection
	GlobalSection(TestCaseManagementSettings) = postSolution
		CategoryFile = BugNET.vsmdi
	EndGlobalSection
EndGlobal
